
Microsoft Visual Studio Solution File, Format Version 12.00
# Visual Studio Version 17
VisualStudioVersion = 17.8.34316.72
MinimumVisualStudioVersion = 10.0.40219.1
Project("{FAE04EC0-301F-11D3-BF4B-00C04F79EFBC}") = "GimnasioAPP", "GimnasioAPP.csproj", "{41481ACF-BB3E-4F7C-BA7F-263868BED422}"
EndProject
Global
	GlobalSection(SolutionConfigurationPlatforms) = preSolution
		Debug|Any CPU = Debug|Any CPU
		Release|Any CPU = Release|Any CPU
	EndGlobalSection
	GlobalSection(ProjectConfigurationPlatforms) = postSolution
		{41481ACF-BB3E-4F7C-BA7F-263868BED422}.Debug|Any CPU.ActiveCfg = Debug|Any CPU
		{41481ACF-BB3E-4F7C-BA7F-263868BED422}.Debug|Any CPU.Build.0 = Debug|Any CPU
		{41481ACF-BB3E-4F7C-BA7F-263868BED422}.Debug|Any CPU.Deploy.0 = Debug|Any CPU
		{41481ACF-BB3E-4F7C-BA7F-263868BED422}.Release|Any CPU.ActiveCfg = Release|Any CPU
		{41481ACF-BB3E-4F7C-BA7F-263868BED422}.Release|Any CPU.Build.0 = Release|Any CPU
		{41481ACF-BB3E-4F7C-BA7F-263868BED422}.Release|Any CPU.Deploy.0 = Release|Any CPU
	EndGlobalSection
	GlobalSection(SolutionProperties) = preSolution
		HideSolutionNode = FALSE
	EndGlobalSection
	GlobalSection(ExtensibilityGlobals) = postSolution
		SolutionGuid = {21C5B0FC-1BB3-46C2-AC08-A9C05B0A7626}
	EndGlobalSection
EndGlobal
